// !$*UTF8*$!
{
	archiveVersion = 1;
	classes = {
	};
	objectVersion = 48;
	objects = {

/* Begin PBXBuildFile section */
		2F20E8CB20E89E98006A3AC1 /* AppDelegate.m in Sources */ = {isa = PBXBuildFile; fileRef = 2F20E8CA20E89E98006A3AC1 /* AppDelegate.m */; };
		2F20E8CE20E89E98006A3AC1 /* ViewController.m in Sources */ = {isa = PBXBuildFile; fileRef = 2F20E8CD20E89E98006A3AC1 /* ViewController.m */; };
		2F20E8D120E89E98006A3AC1 /* Main.storyboard in Resources */ = {isa = PBXBuildFile; fileRef = 2F20E8CF20E89E98006A3AC1 /* Main.storyboard */; };
		2F20E8D320E89E98006A3AC1 /* Assets.xcassets in Resources */ = {isa = PBXBuildFile; fileRef = 2F20E8D220E89E98006A3AC1 /* Assets.xcassets */; };
		2F20E8D620E89E98006A3AC1 /* LaunchScreen.storyboard in Resources */ = {isa = PBXBuildFile; fileRef = 2F20E8D420E89E98006A3AC1 /* LaunchScreen.storyboard */; };
		2F20E8D920E89E98006A3AC1 /* main.m in Sources */ = {isa = PBXBuildFile; fileRef = 2F20E8D820E89E98006A3AC1 /* main.m */; };
/* End PBXBuildFile section */

/* Begin PBXFileReference section */
		2F20E8C620E89E98006A3AC1 /* PushNotice.app */ = {isa = PBXFileReference; explicitFileType = wrapper.application; includeInIndex = 0; path = PushNotice.app; sourceTree = BUILT_PRODUCTS_DIR; };
		2F20E8C920E89E98006A3AC1 /* AppDelegate.h */ = {isa = PBXFileReference; lastKnownFileType = sourcecode.c.h; path = AppDelegate.h; sourceTree = "<group>"; };
		2F20E8CA20E89E98006A3AC1 /* AppDelegate.m */ = {isa = PBXFileReference; lastKnownFileType = sourcecode.c.objc; path = AppDelegate.m; sourceTree = "<group>"; };
		2F20E8CC20E89E98006A3AC1 /* ViewController.h */ = {isa = PBXFileReference; lastKnownFileType = sourcecode.c.h; path = ViewController.h; sourceTree = "<group>"; };
		2F20E8CD20E89E98006A3AC1 /* ViewController.m */ = {isa = PBXFileReference; lastKnownFileType = sourcecode.c.objc; path = ViewController.m; sourceTree = "<group>"; };
		2F20E8D020E89E98006A3AC1 /* Base */ = {isa = PBXFileReference; lastKnownFileType = file.storyboard; name = Base; path = Base.lproj/Main.storyboard; sourceTree = "<group>"; };
		2F20E8D220E89E98006A3AC1 /* Assets.xcassets */ = {isa = PBXFileReference; lastKnownFileType = folder.assetcatalog; path = Assets.xcassets; sourceTree = "<group>"; };
		2F20E8D520E89E98006A3AC1 /* Base */ = {isa = PBXFileReference; lastKnownFileType = file.storyboard; name = Base; path = Base.lproj/LaunchScreen.storyboard; sourceTree = "<group>"; };
		2F20E8D720E89E98006A3AC1 /* Info.plist */ = {isa = PBXFileReference; lastKnownFileType = text.plist.xml; path = Info.plist; sourceTree = "<group>"; };
		2F20E8D820E89E98006A3AC1 /* main.m */ = {isa = PBXFileReference; lastKnownFileType = sourcecode.c.objc; path = main.m; sourceTree = "<group>"; };
/* End PBXFileReference section */

/* Begin PBXFrameworksBuildPhase section */
		2F20E8C320E89E98006A3AC1 /* Frameworks */ = {
			isa = PBXFrameworksBuildPhase;
			buildActionMask = 2147483647;
			files = (
			);
			runOnlyForDeploymentPostprocessing = 0;
		};
/* End PBXFrameworksBuildPhase section */

/* Begin PBXGroup section */
		2F20E8BD20E89E98006A3AC1 = {
			isa = PBXGroup;
			children = (
				2F20E8C820E89E98006A3AC1 /* PushNotice */,
				2F20E8C720E89E98006A3AC1 /* Products */,
			);
			sourceTree = "<group>";
		};
		2F20E8C720E89E98006A3AC1 /* Products */ = {
			isa = PBXGroup;
			children = (
				2F20E8C620E89E98006A3AC1 /* PushNotice.app */,
			);
			name = Products;
			sourceTree = "<group>";
		};
		2F20E8C820E89E98006A3AC1 /* PushNotice */ = {
			isa = PBXGroup;
			children = (
				2F20E8C920E89E98006A3AC1 /* AppDelegate.h */,
				2F20E8CA20E89E98006A3AC1 /* AppDelegate.m */,
				2F20E8CC20E89E98006A3AC1 /* ViewController.h */,
				2F20E8CD20E89E98006A3AC1 /* ViewController.m */,
				2F20E8CF20E89E98006A3AC1 /* Main.storyboard */,
				2F20E8D220E89E98006A3AC1 /* Assets.xcassets */,
				2F20E8D420E89E98006A3AC1 /* LaunchScreen.storyboard */,
				2F20E8D720E89E98006A3AC1 /* Info.plist */,
				2F20E8D820E89E98006A3AC1 /* main.m */,
			);
			path = PushNotice;
			sourceTree = "<group>";
		};
/* End PBXGroup section */

/* Begin PBXNativeTarget section */
		2F20E8C520E89E98006A3AC1 /* PushNotice */ = {
			isa = PBXNativeTarget;
			buildConfigurationList = 2F20E8DC20E89E98006A3AC1 /* Build configuration list for PBXNativeTarget "PushNotice" */;
			buildPhases = (
				2F20E8C220E89E98006A3AC1 /* Sources */,
				2F20E8C320E89E98006A3AC1 /* Frameworks */,
				2F20E8C420E89E98006A3AC1 /* Resources */,
			);
			buildRules = (
			);
			dependencies = (
			);
			name = PushNotice;
			productName = PushNotice;
			productReference = 2F20E8C620E89E98006A3AC1 /* PushNotice.app */;
			productType = "com.apple.product-type.application";
		};
/* End PBXNativeTarget section */

/* Begin PBXProject section */
		2F20E8BE20E89E98006A3AC1 /* Project object */ = {
			isa = PBXProject;
			attributes = {
				LastUpgradeCheck = 0920;
				ORGANIZATIONNAME = yangrui;
				TargetAttributes = {
					2F20E8C520E89E98006A3AC1 = {
						CreatedOnToolsVersion = 9.2;
						ProvisioningStyle = Manual;
						SystemCapabilities = {
							com.apple.Push = {
								enabled = 1;
							};
						};
					};
				};
			};
			buildConfigurationList = 2F20E8C120E89E98006A3AC1 /* Build configuration list for PBXProject "PushNotice" */;
			compatibilityVersion = "Xcode 8.0";
			developmentRegion = en;
			hasScannedForEncodings = 0;
			knownRegions = (
				en,
				Base,
			);
			mainGroup = 2F20E8BD20E89E98006A3AC1;
			productRefGroup = 2F20E8C720E89E98006A3AC1 /* Products */;
			projectDirPath = "";
			projectRoot = "";
			targets = (
				2F20E8C520E89E98006A3AC1 /* PushNotice */,
			);
		};
/* End PBXProject section */

/* Begin PBXResourcesBuildPhase section */
		2F20E8C420E89E98006A3AC1 /* Resources */ = {
			isa = PBXResourcesBuildPhase;
			buildActionMask = 2147483647;
			files = (
				2F20E8D620E89E98006A3AC1 /* LaunchScreen.storyboard in Resources */,
				2F20E8D320E89E98006A3AC1 /* Assets.xcassets in Resources */,
				2F20E8D120E89E98006A3AC1 /* Main.storyboard in Resources */,
			);
			runOnlyForDeploymentPostprocessing = 0;
		};
/* End PBXResourcesBuildPhase section */

/* Begin PBXSourcesBuildPhase section */
		2F20E8C220E89E98006A3AC1 /* Sources */ = {
			isa = PBXSourcesBuildPhase;
			buildActionMask = 2147483647;
			files = (
				2F20E8CE20E89E98006A3AC1 /* ViewController.m in Sources */,
				2F20E8D920E89E98006A3AC1 /* main.m in Sources */,
				2F20E8CB20E89E98006A3AC1 /* AppDelegate.m in Sources */,
			);
			runOnlyForDeploymentPostprocessing = 0;
		};
/* End PBXSourcesBuildPhase section */

/* Begin PBXVariantGroup section */
		2F20E8CF20E89E98006A3AC1 /* Main.storyboard */ = {
			isa = PBXVariantGroup;
			children = (
				2F20E8D020E89E98006A3AC1 /* Base */,
			);
			name = Main.storyboard;
			sourceTree = "<group>";
		};
		2F20E8D420E89E98006A3AC1 /* LaunchScreen.storyboard */ = {
			isa = PBXVariantGroup;
			children = (
				2F20E8D520E89E98006A3AC1 /* Base */,
			);
			name = LaunchScreen.storyboard;
			sourceTree = "<group>";
		};
/* End PBXVariantGroup section */

/* Begin XCBuildConfiguration section */
		2F20E8DA20E89E98006A3AC1 /* Debug */ = {
			isa = XCBuildConfiguration;
			buildSettings = {
				ALWAYS_SEARCH_USER_PATHS = NO;
				CLANG_ANALYZER_NONNULL = YES;
				CLANG_ANALYZER_NUMBER_OBJECT_CONVERSION = YES_AGGRESSIVE;
				CLANG_CXX_LANGUAGE_STANDARD = "gnu++14";
				CLANG_CXX_LIBRARY = "libc++";
				CLANG_ENABLE_MODULES = YES;
				CLANG_ENABLE_OBJC_ARC = YES;
				CLANG_WARN_BLOCK_CAPTURE_AUTORELEASING = YES;
				CLANG_WARN_BOOL_CONVERSION = YES;
				CLANG_WARN_COMMA = YES;
				CLANG_WARN_CONSTANT_CONVERSION = YES;
				CLANG_WARN_DIRECT_OBJC_ISA_USAGE = YES_ERROR;
				CLANG_WARN_DOCUMENTATION_COMMENTS = YES;
				CLANG_WARN_EMPTY_BODY = YES;
				CLANG_WARN_ENUM_CONVERSION = YES;
				CLANG_WARN_INFINITE_RECURSION = YES;
				CLANG_WARN_INT_CONVERSION = YES;
				CLANG_WARN_NON_LITERAL_NULL_CONVERSION = YES;
				CLANG_WARN_OBJC_LITERAL_CONVERSION = YES;
				CLANG_WARN_OBJC_ROOT_CLASS = YES_ERROR;
				CLANG_WARN_RANGE_LOOP_ANALYSIS = YES;
				CLANG_WARN_STRICT_PROTOTYPES = YES;
				CLANG_WARN_SUSPICIOUS_MOVE = YES;
				CLANG_WARN_UNGUARDED_AVAILABILITY = YES_AGGRESSIVE;
				CLANG_WARN_UNREACHABLE_CODE = YES;
				CLANG_WARN__DUPLICATE_METHOD_MATCH = YES;
				CODE_SIGN_IDENTITY = "iPhone Developer";
				COPY_PHASE_STRIP = NO;
				DEBUG_INFORMATION_FORMAT = dwarf;
				ENABLE_STRICT_OBJC_MSGSEND = YES;
				ENABLE_TESTABILITY = YES;
				GCC_C_LANGUAGE_STANDARD = gnu11;
				GCC_DYNAMIC_NO_PIC = NO;
				GCC_NO_COMMON_BLOCKS = YES;
				GCC_OPTIMIZATION_LEVEL = 0;
				GCC_PREPROCESSOR_DEFINITIONS = (
					"DEBUG=1",
					"$(inherited)",
				);
				GCC_WARN_64_TO_32_BIT_CONVERSION = YES;
				GCC_WARN_ABOUT_RETURN_TYPE = YES_ERROR;
				GCC_WARN_UNDECLARED_SELECTOR = YES;
				GCC_WARN_UNINITIALIZED_AUTOS = YES_AGGRESSIVE;
				GCC_WARN_UNUSED_FUNCTION = YES;
				GCC_WARN_UNUSED_VARIABLE = YES;
				IPHONEOS_DEPLOYMENT_TARGET = 9.0;
				MTL_ENABLE_DEBUG_INFO = YES;
				ONLY_ACTIVE_ARCH = YES;
				SDKROOT = iphoneos;
			};
			name = Debug;
		};
		2F20E8DB20E89E98006A3AC1 /* Release */ = {
			isa = XCBuildConfiguration;
			buildSettings = {
				ALWAYS_SEARCH_USER_PATHS = NO;
				CLANG_ANALYZER_NONNULL = YES;
				CLANG_ANALYZER_NUMBER_OBJECT_CONVERSION = YES_AGGRESSIVE;
				CLANG_CXX_LANGUAGE_STANDARD = "gnu++14";
				CLANG_CXX_LIBRARY = "libc++";
				CLANG_ENABLE_MODULES = YES;
				CLANG_ENABLE_OBJC_ARC = YES;
				CLANG_WARN_BLOCK_CAPTURE_AUTORELEASING = YES;
				CLANG_WARN_BOOL_CONVERSION = YES;
				CLANG_WARN_COMMA = YES;
				CLANG_WARN_CONSTANT_CONVERSION = YES;
				CLANG_WARN_DIRECT_OBJC_ISA_USAGE = YES_ERROR;
				CLANG_WARN_DOCUMENTATION_COMMENTS = YES;
				CLANG_WARN_EMPTY_BODY = YES;
				CLANG_WARN_ENUM_CONVERSION = YES;
				CLANG_WARN_INFINITE_RECURSION = YES;
				CLANG_WARN_INT_CONVERSION = YES;
				CLANG_WARN_NON_LITERAL_NULL_CONVERSION = YES;
				CLANG_WARN_OBJC_LITERAL_CONVERSION = YES;
				CLANG_WARN_OBJC_ROOT_CLASS = YES_ERROR;
				CLANG_WARN_RANGE_LOOP_ANALYSIS = YES;
				CLANG_WARN_STRICT_PROTOTYPES = YES;
				CLANG_WARN_SUSPICIOUS_MOVE = YES;
				CLANG_WARN_UNGUARDED_AVAILABILITY = YES_AGGRESSIVE;
				CLANG_WARN_UNREACHABLE_CODE = YES;
				CLANG_WARN__DUPLICATE_METHOD_MATCH = YES;
				CODE_SIGN_IDENTITY = "iPhone Developer";
				COPY_PHASE_STRIP = NO;
				DEBUG_INFORMATION_FORMAT = "dwarf-with-dsym";
				ENABLE_NS_ASSERTIONS = NO;
				ENABLE_STRICT_OBJC_MSGSEND = YES;
				GCC_C_LANGUAGE_STANDARD = gnu11;
				GCC_NO_COMMON_BLOCKS = YES;
				GCC_WARN_64_TO_32_BIT_CONVERSION = YES;
				GCC_WARN_ABOUT_RETURN_TYPE = YES_ERROR;
				GCC_WARN_UNDECLARED_SELECTOR = YES;
				GCC_WARN_UNINITIALIZED_AUTOS = YES_AGGRESSIVE;
				GCC_WARN_UNUSED_FUNCTION = YES;
				GCC_WARN_UNUSED_VARIABLE = YES;
				IPHONEOS_DEPLOYMENT_TARGET = 9.0;
				MTL_ENABLE_DEBUG_INFO = NO;
				SDKROOT = iphoneos;
				VALIDATE_PRODUCT = YES;
			};
			name = Release;
		};
		2F20E8DD20E89E98006A3AC1 /* Debug */ = {
			isa = XCBuildConfiguration;
			buildSettings = {
				ASSETCATALOG_COMPILER_APPICON_NAME = AppIcon;
				CODE_SIGN_ENTITLEMENTS = PushNotice/PushNotice.entitlements;
				CODE_SIGN_STYLE = Manual;
				DEVELOPMENT_TEAM = UM24Q5JH6X;
				INFOPLIST_FILE = PushNotice/Info.plist;
				LD_RUNPATH_SEARCH_PATHS = "$(inherited) @executable_path/Frameworks";
				PRODUCT_BUNDLE_IDENTIFIER = com.guangheloveHouse.com;
				PRODUCT_NAME = "$(TARGET_NAME)";
				PROVISIONING_PROFILE = "b94a0bf0-4da0-4100-8727-f926550cc46a";
				PROVISIONING_PROFILE_SPECIFIER = push;
				TARGETED_DEVICE_FAMILY = "1,2";
			};
			name = Debug;
		};
		2F20E8DE20E89E98006A3AC1 /* Release */ = {
			isa = XCBuildConfiguration;
			buildSettings = {
				ASSETCATALOG_COMPILER_APPICON_NAME = AppIcon;
				CODE_SIGN_ENTITLEMENTS = PushNotice/PushNotice.entitlements;
				CODE_SIGN_STYLE = Manual;
				DEVELOPMENT_TEAM = "";
				INFOPLIST_FILE = PushNotice/Info.plist;
				LD_RUNPATH_SEARCH_PATHS = "$(inherited) @executable_path/Frameworks";
				PRODUCT_BUNDLE_IDENTIFIER = com.guangheloveHouse.com;
				PRODUCT_NAME = "$(TARGET_NAME)";
				PROVISIONING_PROFILE_SPECIFIER = "";
				TARGETED_DEVICE_FAMILY = "1,2";
			};
			name = Release;
		};
/* End XCBuildConfiguration section */

/* Begin XCConfigurationList section */
		2F20E8C120E89E98006A3AC1 /* Build configuration list for PBXProject "PushNotice" */ = {
			isa = XCConfigurationList;
			buildConfigurations = (
				2F20E8DA20E89E98006A3AC1 /* Debug */,
				2F20E8DB20E89E98006A3AC1 /* Release */,
			);
			defaultConfigurationIsVisible = 0;
			defaultConfigurationName = Release;
		};
		2F20E8DC20E89E98006A3AC1 /* Build configuration list for PBXNativeTarget "PushNotice" */ = {
			isa = XCConfigurationList;
			buildConfigurations = (
				2F20E8DD20E89E98006A3AC1 /* Debug */,
				2F20E8DE20E89E98006A3AC1 /* Release */,
			);
			defaultConfigurationIsVisible = 0;
			defaultConfigurationName = Release;
		};
/* End XCConfigurationList section */
	};
	rootObject = 2F20E8BE20E89E98006A3AC1 /* Project object */;
}
